
Microsoft Visual Studio Solution File, Format Version 12.00
# Visual Studio Version 17
VisualStudioVersion = 17.1.32210.238
MinimumVisualStudioVersion = 10.0.40219.1
Project("{FAE04EC0-301F-11D3-BF4B-00C04F79EFBC}") = "LINQ", "LINQ\LINQ.csproj", "{F793ABA4-D3F6-4612-882E-30D270D65142}"
EndProject
Global
	GlobalSection(SolutionConfigurationPlatforms) = preSolution
		Debug|Any CPU = Debug|Any CPU
		Release|Any CPU = Release|Any CPU
	EndGlobalSection
	GlobalSection(ProjectConfigurationPlatforms) = postSolution
		{F793ABA4-D3F6-4612-882E-30D270D65142}.Debug|Any CPU.ActiveCfg = Debug|Any CPU
		{F793ABA4-D3F6-4612-882E-30D270D65142}.Debug|Any CPU.Build.0 = Debug|Any CPU
		{F793ABA4-D3F6-4612-882E-30D270D65142}.Release|Any CPU.ActiveCfg = Release|Any CPU
		{F793ABA4-D3F6-4612-882E-30D270D65142}.Release|Any CPU.Build.0 = Release|Any CPU
	EndGlobalSection
	GlobalSection(SolutionProperties) = preSolution
		HideSolutionNode = FALSE
	EndGlobalSection
	GlobalSection(ExtensibilityGlobals) = postSolution
		SolutionGuid = {E45F5812-0AE5-4530-9081-99C1222F0D50}
	EndGlobalSection
EndGlobal
